
Microsoft Visual Studio Solution File, Format Version 9.00
# Visual Studio 2005
Project("{8BC9CEB8-8B4A-11D0-8D11-00A0C91BC942}") = "Comandos", "Comandos\Comandos.vcproj", "{7671BE59-77EB-4798-A94D-0A06C11671AE}"
EndProject
Project("{8BC9CEB8-8B4A-11D0-8D11-00A0C91BC942}") = "ThreadDatos", "ThreadDatos\ThreadDatos.vcproj", "{92765503-7BDA-4502-A817-CBC2B85367EA}"
EndProject
Project("{8BC9CEB8-8B4A-11D0-8D11-00A0C91BC942}") = "ThreadDatosRETR", "ThreadDatosCD\ThreadDatosCD.vcproj", "{3A7D4921-A6A4-46EC-A29C-48C4A9CBCF73}"
EndProject
Project("{8BC9CEB8-8B4A-11D0-8D11-00A0C91BC942}") = "ThreadDatosSTOR", "ThreadDatosSTOR\ThreadDatosSTOR.vcproj", "{7FE890B8-3296-4E9E-ADF9-23E7749EB85B}"
EndProject
Global
	GlobalSection(SolutionConfigurationPlatforms) = preSolution
		Debug|Win32 = Debug|Win32
		Release|Win32 = Release|Win32
	EndGlobalSection
	GlobalSection(ProjectConfigurationPlatforms) = postSolution
		{7671BE59-77EB-4798-A94D-0A06C11671AE}.Debug|Win32.ActiveCfg = Debug|Win32
		{7671BE59-77EB-4798-A94D-0A06C11671AE}.Debug|Win32.Build.0 = Debug|Win32
		{7671BE59-77EB-4798-A94D-0A06C11671AE}.Release|Win32.ActiveCfg = Release|Win32
		{7671BE59-77EB-4798-A94D-0A06C11671AE}.Release|Win32.Build.0 = Release|Win32
		{92765503-7BDA-4502-A817-CBC2B85367EA}.Debug|Win32.ActiveCfg = Debug|Win32
		{92765503-7BDA-4502-A817-CBC2B85367EA}.Debug|Win32.Build.0 = Debug|Win32
		{92765503-7BDA-4502-A817-CBC2B85367EA}.Release|Win32.ActiveCfg = Release|Win32
		{92765503-7BDA-4502-A817-CBC2B85367EA}.Release|Win32.Build.0 = Release|Win32
		{3A7D4921-A6A4-46EC-A29C-48C4A9CBCF73}.Debug|Win32.ActiveCfg = Debug|Win32
		{3A7D4921-A6A4-46EC-A29C-48C4A9CBCF73}.Debug|Win32.Build.0 = Debug|Win32
		{3A7D4921-A6A4-46EC-A29C-48C4A9CBCF73}.Release|Win32.ActiveCfg = Release|Win32
		{3A7D4921-A6A4-46EC-A29C-48C4A9CBCF73}.Release|Win32.Build.0 = Release|Win32
		{7FE890B8-3296-4E9E-ADF9-23E7749EB85B}.Debug|Win32.ActiveCfg = Debug|Win32
		{7FE890B8-3296-4E9E-ADF9-23E7749EB85B}.Debug|Win32.Build.0 = Debug|Win32
		{7FE890B8-3296-4E9E-ADF9-23E7749EB85B}.Release|Win32.ActiveCfg = Release|Win32
		{7FE890B8-3296-4E9E-ADF9-23E7749EB85B}.Release|Win32.Build.0 = Release|Win32
	EndGlobalSection
	GlobalSection(SolutionProperties) = preSolution
		HideSolutionNode = FALSE
	EndGlobalSection
EndGlobal
