
Microsoft Visual Studio Solution File, Format Version 9.00
# Visual Studio 2005
Project("{8BC9CEB8-8B4A-11D0-8D11-00A0C91BC942}") = "FTPS", "FTPS.vcproj", "{97FBDDB0-944D-418B-B3BC-0F927F3C9655}"
EndProject
Global
	GlobalSection(SolutionConfigurationPlatforms) = preSolution
		Debug|Win32 = Debug|Win32
		Release|Win32 = Release|Win32
	EndGlobalSection
	GlobalSection(ProjectConfigurationPlatforms) = postSolution
		{97FBDDB0-944D-418B-B3BC-0F927F3C9655}.Debug|Win32.ActiveCfg = Debug|Win32
		{97FBDDB0-944D-418B-B3BC-0F927F3C9655}.Debug|Win32.Build.0 = Debug|Win32
		{97FBDDB0-944D-418B-B3BC-0F927F3C9655}.Release|Win32.ActiveCfg = Release|Win32
		{97FBDDB0-944D-418B-B3BC-0F927F3C9655}.Release|Win32.Build.0 = Release|Win32
	EndGlobalSection
	GlobalSection(SolutionProperties) = preSolution
		HideSolutionNode = FALSE
	EndGlobalSection
EndGlobal
